Microsoft Visual Studio Solution File, Format Version 12.00
# Visual Studio Version 17
VisualStudioVersion = 17.5.2.0
MinimumVisualStudioVersion = 10.0.40219.1
Project("{2150E333-8FDC-42A3-9474-1A3956D46DE8}") = "Adm", "Adm", "{8BECE48A-410B-9B01-A068-0CCD4FC02175}"
EndProject
Project("{FAE04EC0-301F-11D3-BF4B-00C04F79EFBC}") = "Models", "Adm\Models\Models.csproj", "{9E893935-D2B7-B210-DFEA-8A67C41B37CB}"
EndProject
Global
	GlobalSection(SolutionConfigurationPlatforms) = preSolution
		Debug|Any CPU = Debug|Any CPU
		Release|Any CPU = Release|Any CPU
	EndGlobalSection
	GlobalSection(ProjectConfigurationPlatforms) = postSolution
		{9E893935-D2B7-B210-DFEA-8A67C41B37CB}.Debug|Any CPU.ActiveCfg = Debug|Any CPU
		{9E893935-D2B7-B210-DFEA-8A67C41B37CB}.Debug|Any CPU.Build.0 = Debug|Any CPU
		{9E893935-D2B7-B210-DFEA-8A67C41B37CB}.Release|Any CPU.ActiveCfg = Release|Any CPU
		{9E893935-D2B7-B210-DFEA-8A67C41B37CB}.Release|Any CPU.Build.0 = Release|Any CPU
	EndGlobalSection
	GlobalSection(SolutionProperties) = preSolution
		HideSolutionNode = FALSE
	EndGlobalSection
	GlobalSection(NestedProjects) = preSolution
		{9E893935-D2B7-B210-DFEA-8A67C41B37CB} = {8BECE48A-410B-9B01-A068-0CCD4FC02175}
	EndGlobalSection
	GlobalSection(ExtensibilityGlobals) = postSolution
		SolutionGuid = {D9B4B40A-F7DE-4F5E-8FF0-0E15CBA58F4A}
	EndGlobalSection
EndGlobal
